{
  "name": "business-module",
  "version": "1.0.0",
  "lockfileVersion": 1,
  "requires": true,
  "dependencies": {
    "my-first-generic-module": {
      "version": "1.1.0",
      "resolved": "https://registry.npmjs.org/my-first-generic-module/-/my-first-generic-module-1.1.0.tgz",
      "integrity": "sha512-iL3ZeX8OSM1HfV9Xs8gP7BD+K8HmwXGznUWhLWA52chWAkcEf+q6OqXS5MjvltrMNP4x2KuJrjpr4lMnIvcAcw=="
    }
  }
}
